// !$*UTF8*$!
{
archiveVersion = 1;
classes = {
};
objectVersion = 56;
objects = {

/* Begin PBXBuildFile section */
F20100000000000000000000 /* SignetApp.swift in Sources */ = {isa = PBXBuildFile; fileRef = F10100000000000000000000 /* SignetApp.swift */; };
F20200000000000000000000 /* ContentView.swift in Sources */ = {isa = PBXBuildFile; fileRef = F10200000000000000000000 /* ContentView.swift */; };
F20300000000000000000000 /* Certificate.swift in Sources */ = {isa = PBXBuildFile; fileRef = F10300000000000000000000 /* Certificate.swift */; };
F20400000000000000000000 /* ProvisioningProfile.swift in Sources */ = {isa = PBXBuildFile; fileRef = F10400000000000000000000 /* ProvisioningProfile.swift */; };
F20500000000000000000000 /* IPAFile.swift in Sources */ = {isa = PBXBuildFile; fileRef = F10500000000000000000000 /* IPAFile.swift */; };
F20600000000000000000000 /* SigningJob.swift in Sources */ = {isa = PBXBuildFile; fileRef = F10600000000000000000000 /* SigningJob.swift */; };
F20700000000000000000000 /* HomeView.swift in Sources */ = {isa = PBXBuildFile; fileRef = F10700000000000000000000 /* HomeView.swift */; };
F20800000000000000000000 /* CertificatesView.swift in Sources */ = {isa = PBXBuildFile; fileRef = F10800000000000000000000 /* CertificatesView.swift */; };
F20900000000000000000000 /* IPAsView.swift in Sources */ = {isa = PBXBuildFile; fileRef = F10900000000000000000000 /* IPAsView.swift */; };
F20A00000000000000000000 /* SigningView.swift in Sources */ = {isa = PBXBuildFile; fileRef = F10A00000000000000000000 /* SigningView.swift */; };
F20B00000000000000000000 /* InstallView.swift in Sources */ = {isa = PBXBuildFile; fileRef = F10B00000000000000000000 /* InstallView.swift */; };
F20C00000000000000000000 /* SettingsView.swift in Sources */ = {isa = PBXBuildFile; fileRef = F10C00000000000000000000 /* SettingsView.swift */; };
F20D00000000000000000000 /* GlassCard.swift in Sources */ = {isa = PBXBuildFile; fileRef = F10D00000000000000000000 /* GlassCard.swift */; };
F20E00000000000000000000 /* StatusBadge.swift in Sources */ = {isa = PBXBuildFile; fileRef = F10E00000000000000000000 /* StatusBadge.swift */; };
F20F00000000000000000000 /* EmptyStateView.swift in Sources */ = {isa = PBXBuildFile; fileRef = F10F00000000000000000000 /* EmptyStateView.swift */; };
F21000000000000000000000 /* AppStore.swift in Sources */ = {isa = PBXBuildFile; fileRef = F11000000000000000000000 /* AppStore.swift */; };
F21100000000000000000000 /* CertificateService.swift in Sources */ = {isa = PBXBuildFile; fileRef = F11100000000000000000000 /* CertificateService.swift */; };
F21200000000000000000000 /* IPAService.swift in Sources */ = {isa = PBXBuildFile; fileRef = F11200000000000000000000 /* IPAService.swift */; };
F21300000000000000000000 /* SigningService.swift in Sources */ = {isa = PBXBuildFile; fileRef = F11300000000000000000000 /* SigningService.swift */; };
F21400000000000000000000 /* ZipService.swift in Sources */ = {isa = PBXBuildFile; fileRef = F11400000000000000000000 /* ZipService.swift */; };
F21500000000000000000000 /* MachOSigner.swift in Sources */ = {isa = PBXBuildFile; fileRef = F11500000000000000000000 /* MachOSigner.swift */; };
F21600000000000000000000 /* DEREncoder.swift in Sources */ = {isa = PBXBuildFile; fileRef = F11600000000000000000000 /* DEREncoder.swift */; };
F21700000000000000000000 /* OTAServer.swift in Sources */ = {isa = PBXBuildFile; fileRef = F11700000000000000000000 /* OTAServer.swift */; };
F21800000000000000000000 /* ZipCompression.c in Sources */ = {isa = PBXBuildFile; fileRef = F11800000000000000000000 /* ZipCompression.c */; };
F21900000000000000000000 /* Assets.xcassets in Resources */ = {isa = PBXBuildFile; fileRef = F11900000000000000000000 /* Assets.xcassets */; };
F21A00000000000000000000 /* QRCodeView.swift in Sources */ = {isa = PBXBuildFile; fileRef = F11D00000000000000000000 /* QRCodeView.swift */; };
/* End PBXBuildFile section */

/* Begin PBXFileReference section */
F01400000000000000000000 /* Signet.app */ = {isa = PBXFileReference; explicitFileType = wrapper.application; includeInIndex = 0; path = Signet.app; sourceTree = BUILT_PRODUCTS_DIR; };
F10100000000000000000000 /* SignetApp.swift */ = {isa = PBXFileReference; lastKnownFileType = sourcecode.swift; path = SignetApp.swift; sourceTree = "<group>"; };
F10200000000000000000000 /* ContentView.swift */ = {isa = PBXFileReference; lastKnownFileType = sourcecode.swift; path = ContentView.swift; sourceTree = "<group>"; };
F10300000000000000000000 /* Certificate.swift */ = {isa = PBXFileReference; lastKnownFileType = sourcecode.swift; path = Certificate.swift; sourceTree = "<group>"; };
F10400000000000000000000 /* ProvisioningProfile.swift */ = {isa = PBXFileReference; lastKnownFileType = sourcecode.swift; path = ProvisioningProfile.swift; sourceTree = "<group>"; };
F10500000000000000000000 /* IPAFile.swift */ = {isa = PBXFileReference; lastKnownFileType = sourcecode.swift; path = IPAFile.swift; sourceTree = "<group>"; };
F10600000000000000000000 /* SigningJob.swift */ = {isa = PBXFileReference; lastKnownFileType = sourcecode.swift; path = SigningJob.swift; sourceTree = "<group>"; };
F10700000000000000000000 /* HomeView.swift */ = {isa = PBXFileReference; lastKnownFileType = sourcecode.swift; path = HomeView.swift; sourceTree = "<group>"; };
F10800000000000000000000 /* CertificatesView.swift */ = {isa = PBXFileReference; lastKnownFileType = sourcecode.swift; path = CertificatesView.swift; sourceTree = "<group>"; };
F10900000000000000000000 /* IPAsView.swift */ = {isa = PBXFileReference; lastKnownFileType = sourcecode.swift; path = IPAsView.swift; sourceTree = "<group>"; };
F10A00000000000000000000 /* SigningView.swift */ = {isa = PBXFileReference; lastKnownFileType = sourcecode.swift; path = SigningView.swift; sourceTree = "<group>"; };
F10B00000000000000000000 /* InstallView.swift */ = {isa = PBXFileReference; lastKnownFileType = sourcecode.swift; path = InstallView.swift; sourceTree = "<group>"; };
F10C00000000000000000000 /* SettingsView.swift */ = {isa = PBXFileReference; lastKnownFileType = sourcecode.swift; path = SettingsView.swift; sourceTree = "<group>"; };
F10D00000000000000000000 /* GlassCard.swift */ = {isa = PBXFileReference; lastKnownFileType = sourcecode.swift; path = GlassCard.swift; sourceTree = "<group>"; };
F10E00000000000000000000 /* StatusBadge.swift */ = {isa = PBXFileReference; lastKnownFileType = sourcecode.swift; path = StatusBadge.swift; sourceTree = "<group>"; };
F10F00000000000000000000 /* EmptyStateView.swift */ = {isa = PBXFileReference; lastKnownFileType = sourcecode.swift; path = EmptyStateView.swift; sourceTree = "<group>"; };
F11000000000000000000000 /* AppStore.swift */ = {isa = PBXFileReference; lastKnownFileType = sourcecode.swift; path = AppStore.swift; sourceTree = "<group>"; };
F11100000000000000000000 /* CertificateService.swift */ = {isa = PBXFileReference; lastKnownFileType = sourcecode.swift; path = CertificateService.swift; sourceTree = "<group>"; };
F11200000000000000000000 /* IPAService.swift */ = {isa = PBXFileReference; lastKnownFileType = sourcecode.swift; path = IPAService.swift; sourceTree = "<group>"; };
F11300000000000000000000 /* SigningService.swift */ = {isa = PBXFileReference; lastKnownFileType = sourcecode.swift; path = SigningService.swift; sourceTree = "<group>"; };
F11400000000000000000000 /* ZipService.swift */ = {isa = PBXFileReference; lastKnownFileType = sourcecode.swift; path = ZipService.swift; sourceTree = "<group>"; };
F11500000000000000000000 /* MachOSigner.swift */ = {isa = PBXFileReference; lastKnownFileType = sourcecode.swift; path = MachOSigner.swift; sourceTree = "<group>"; };
F11600000000000000000000 /* DEREncoder.swift */ = {isa = PBXFileReference; lastKnownFileType = sourcecode.swift; path = DEREncoder.swift; sourceTree = "<group>"; };
F11700000000000000000000 /* OTAServer.swift */ = {isa = PBXFileReference; lastKnownFileType = sourcecode.swift; path = OTAServer.swift; sourceTree = "<group>"; };
F11800000000000000000000 /* ZipCompression.c */ = {isa = PBXFileReference; lastKnownFileType = sourcecode.c.c; path = ZipCompression.c; sourceTree = "<group>"; };
F11900000000000000000000 /* Assets.xcassets */ = {isa = PBXFileReference; lastKnownFileType = folder.assetcatalog; path = Assets.xcassets; sourceTree = "<group>"; };
F11A00000000000000000000 /* Info.plist */ = {isa = PBXFileReference; lastKnownFileType = text.plist.xml; path = Info.plist; sourceTree = "<group>"; };
F11B00000000000000000000 /* Signet-Bridging-Header.h */ = {isa = PBXFileReference; lastKnownFileType = sourcecode.c.h; path = "Signet-Bridging-Header.h"; sourceTree = "<group>"; };
F11C00000000000000000000 /* ZipCompression.h */ = {isa = PBXFileReference; lastKnownFileType = sourcecode.c.h; path = ZipCompression.h; sourceTree = "<group>"; };
F11D00000000000000000000 /* QRCodeView.swift */ = {isa = PBXFileReference; lastKnownFileType = sourcecode.swift; path = QRCodeView.swift; sourceTree = "<group>"; };
/* End PBXFileReference section */

/* Begin PBXFrameworksBuildPhase section */
F00500000000000000000000 /* Frameworks */ = {
isa = PBXFrameworksBuildPhase;
buildActionMask = 2147483647;
files = (
);
runOnlyForDeploymentPostprocessing = 0;
};
/* End PBXFrameworksBuildPhase section */

/* Begin PBXGroup section */
F00C00000000000000000000 /* Main Group */ = {
isa = PBXGroup;
children = (
F00E00000000000000000000 /* Signet */,
F00D00000000000000000000 /* Products */,
);
sourceTree = "<group>";
};
F00D00000000000000000000 /* Products */ = {
isa = PBXGroup;
children = (
F01400000000000000000000 /* Signet.app */,
);
name = Products;
sourceTree = "<group>";
};
F00E00000000000000000000 /* Signet */ = {
isa = PBXGroup;
children = (
F10100000000000000000000 /* SignetApp.swift */,
F10200000000000000000000 /* ContentView.swift */,
F11800000000000000000000 /* ZipCompression.c */,
F11C00000000000000000000 /* ZipCompression.h */,
F11B00000000000000000000 /* Signet-Bridging-Header.h */,
F11A00000000000000000000 /* Info.plist */,
F11900000000000000000000 /* Assets.xcassets */,
F00F00000000000000000000 /* Models */,
F01000000000000000000000 /* Views */,
F01100000000000000000000 /* Services */,
);
path = Signet;
sourceTree = SOURCE_ROOT;
};
F00F00000000000000000000 /* Models */ = {
isa = PBXGroup;
children = (
F10300000000000000000000 /* Certificate.swift */,
F10400000000000000000000 /* ProvisioningProfile.swift */,
F10500000000000000000000 /* IPAFile.swift */,
F10600000000000000000000 /* SigningJob.swift */,
);
path = Models;
sourceTree = "<group>";
};
F01000000000000000000000 /* Views */ = {
isa = PBXGroup;
children = (
F10700000000000000000000 /* HomeView.swift */,
F10800000000000000000000 /* CertificatesView.swift */,
F10900000000000000000000 /* IPAsView.swift */,
F10A00000000000000000000 /* SigningView.swift */,
F10B00000000000000000000 /* InstallView.swift */,
F10C00000000000000000000 /* SettingsView.swift */,
F01200000000000000000000 /* Components */,
);
path = Views;
sourceTree = "<group>";
};
F01200000000000000000000 /* Components */ = {
isa = PBXGroup;
children = (
F10D00000000000000000000 /* GlassCard.swift */,
F10E00000000000000000000 /* StatusBadge.swift */,
F10F00000000000000000000 /* EmptyStateView.swift */,
F11D00000000000000000000 /* QRCodeView.swift */,
);
path = Components;
sourceTree = "<group>";
};
F01100000000000000000000 /* Services */ = {
isa = PBXGroup;
children = (
F11000000000000000000000 /* AppStore.swift */,
F11100000000000000000000 /* CertificateService.swift */,
F11200000000000000000000 /* IPAService.swift */,
F11300000000000000000000 /* SigningService.swift */,
F11400000000000000000000 /* ZipService.swift */,
F11500000000000000000000 /* MachOSigner.swift */,
F11600000000000000000000 /* DEREncoder.swift */,
F11700000000000000000000 /* OTAServer.swift */,
);
path = Services;
sourceTree = "<group>";
};
/* End PBXGroup section */

/* Begin PBXNativeTarget section */
F00200000000000000000000 /* Signet */ = {
isa = PBXNativeTarget;
buildConfigurationList = F00700000000000000000000 /* Build configuration list for PBXNativeTarget "Signet" */;
buildPhases = (
F00300000000000000000000 /* Sources */,
F00400000000000000000000 /* Resources */,
F00500000000000000000000 /* Frameworks */,
);
buildRules = (
);
dependencies = (
);
name = Signet;
productName = Signet;
productReference = F01400000000000000000000 /* Signet.app */;
productType = "com.apple.product-type.application";
};
/* End PBXNativeTarget section */

/* Begin PBXProject section */
F00100000000000000000000 /* Project object */ = {
isa = PBXProject;
attributes = {
BuildIndependentTargetsInParallel = 1;
LastSwiftUpdateCheck = 1540;
LastUpgradeCheck = 1540;
TargetAttributes = {
F00200000000000000000000 = {
CreatedOnToolsVersion = 15.4;
};
};
};
buildConfigurationList = F00600000000000000000000 /* Build configuration list for PBXProject "Signet" */;
compatibilityVersion = "Xcode 14.0";
developmentRegion = en;
hasScannedForEncodings = 0;
knownRegions = (
en,
Base,
);
mainGroup = F00C00000000000000000000;
productRefGroup = F00D00000000000000000000 /* Products */;
projectDirPath = "";
projectRoot = "";
targets = (
F00200000000000000000000 /* Signet */,
);
};
/* End PBXProject section */

/* Begin PBXResourcesBuildPhase section */
F00400000000000000000000 /* Resources */ = {
isa = PBXResourcesBuildPhase;
buildActionMask = 2147483647;
files = (
F21900000000000000000000 /* Assets.xcassets in Resources */,
);
runOnlyForDeploymentPostprocessing = 0;
};
/* End PBXResourcesBuildPhase section */

/* Begin PBXSourcesBuildPhase section */
F00300000000000000000000 /* Sources */ = {
isa = PBXSourcesBuildPhase;
buildActionMask = 2147483647;
files = (
F20100000000000000000000 /* SignetApp.swift in Sources */,
F20200000000000000000000 /* ContentView.swift in Sources */,
F20300000000000000000000 /* Certificate.swift in Sources */,
F20400000000000000000000 /* ProvisioningProfile.swift in Sources */,
F20500000000000000000000 /* IPAFile.swift in Sources */,
F20600000000000000000000 /* SigningJob.swift in Sources */,
F20700000000000000000000 /* HomeView.swift in Sources */,
F20800000000000000000000 /* CertificatesView.swift in Sources */,
F20900000000000000000000 /* IPAsView.swift in Sources */,
F20A00000000000000000000 /* SigningView.swift in Sources */,
F20B00000000000000000000 /* InstallView.swift in Sources */,
F20C00000000000000000000 /* SettingsView.swift in Sources */,
F20D00000000000000000000 /* GlassCard.swift in Sources */,
F20E00000000000000000000 /* StatusBadge.swift in Sources */,
F20F00000000000000000000 /* EmptyStateView.swift in Sources */,
F21000000000000000000000 /* AppStore.swift in Sources */,
F21100000000000000000000 /* CertificateService.swift in Sources */,
F21200000000000000000000 /* IPAService.swift in Sources */,
F21300000000000000000000 /* SigningService.swift in Sources */,
F21400000000000000000000 /* ZipService.swift in Sources */,
F21500000000000000000000 /* MachOSigner.swift in Sources */,
F21600000000000000000000 /* DEREncoder.swift in Sources */,
F21700000000000000000000 /* OTAServer.swift in Sources */,
F21800000000000000000000 /* ZipCompression.c in Sources */,
F21A00000000000000000000 /* QRCodeView.swift in Sources */,
);
runOnlyForDeploymentPostprocessing = 0;
};
/* End PBXSourcesBuildPhase section */

/* Begin XCBuildConfiguration section */
F00800000000000000000000 /* Debug */ = {
isa = XCBuildConfiguration;
buildSettings = {
ALWAYS_SEARCH_USER_PATHS = NO;
ASSETCATALOG_COMPILER_GENERATE_SWIFT_ASSET_SYMBOL_EXTENSIONS = YES;
CLANG_ANALYZER_NONNULL = YES;
CLANG_ANALYZER_NUMBER_OBJECT_CONVERSION = YES_AGGRESSIVE;
CLANG_CXX_LANGUAGE_STANDARD = "gnu++20";
CLANG_ENABLE_MODULES = YES;
CLANG_ENABLE_OBJC_ARC = YES;
CLANG_ENABLE_OBJC_WEAK = YES;
CLANG_WARN_BLOCK_CAPTURE_AUTORELEASING = YES;
CLANG_WARN_BOOL_CONVERSION = YES;
CLANG_WARN_COMMA = YES;
CLANG_WARN_CONSTANT_CONVERSION = YES;
CLANG_WARN_DEPRECATED_OBJC_IMPLEMENTATIONS = YES;
CLANG_WARN_DIRECT_OBJC_ISA_USAGE = YES_ERROR;
CLANG_WARN_DOCUMENTATION_COMMENTS = YES;
CLANG_WARN_EMPTY_BODY = YES;
CLANG_WARN_ENUM_CONVERSION = YES;
CLANG_WARN_INFINITE_RECURSION = YES;
CLANG_WARN_INT_CONVERSION = YES;
CLANG_WARN_NON_LITERAL_NULL_CONVERSION = YES;
CLANG_WARN_OBJC_IMPLICIT_RETAIN_CYCLE = YES;
CLANG_WARN_OBJC_LITERAL_CONVERSION = YES;
CLANG_WARN_OBJC_ROOT_CLASS = YES_ERROR;
CLANG_WARN_QUOTED_INCLUDE_IN_FRAMEWORK_HEADER = YES;
CLANG_WARN_RANGE_LOOP_ANALYSIS = YES;
CLANG_WARN_STRICT_PROTOTYPES = YES;
CLANG_WARN_SUSPICIOUS_MOVE = YES;
CLANG_WARN_UNGUARDED_AVAILABILITY = YES_AGGRESSIVE;
CLANG_WARN_UNREACHABLE_CODE = YES;
CLANG_WARN__DUPLICATE_METHOD_MATCH = YES;
COPY_PHASE_STRIP = NO;
DEBUG_INFORMATION_FORMAT = dwarf;
ENABLE_STRICT_OBJC_MSGSEND = YES;
ENABLE_TESTABILITY = YES;
ENABLE_USER_SCRIPT_SANDBOXING = YES;
GCC_C_LANGUAGE_STANDARD = gnu17;
GCC_DYNAMIC_NO_PIC = NO;
GCC_NO_COMMON_BLOCKS = YES;
GCC_OPTIMIZATION_LEVEL = 0;
GCC_PREPROCESSOR_DEFINITIONS = (
"DEBUG=1",
"$(inherited)",
);
GCC_WARN_64_TO_32_BIT_CONVERSION = YES;
GCC_WARN_ABOUT_RETURN_TYPE = YES_ERROR;
GCC_WARN_UNDECLARED_SELECTOR = YES;
GCC_WARN_UNINITIALIZED_AUTOS = YES_AGGRESSIVE;
GCC_WARN_UNUSED_FUNCTION = YES;
GCC_WARN_UNUSED_VARIABLE = YES;
IPHONEOS_DEPLOYMENT_TARGET = 16.0;
MTL_ENABLE_DEBUG_INFO = INCLUDE_SOURCE;
MTL_FAST_MATH = YES;
ONLY_ACTIVE_ARCH = YES;
SDKROOT = iphoneos;
SWIFT_ACTIVE_COMPILATION_CONDITIONS = DEBUG;
SWIFT_OPTIMIZATION_LEVEL = "-Onone";
};
name = Debug;
};
F00900000000000000000000 /* Release */ = {
isa = XCBuildConfiguration;
buildSettings = {
ALWAYS_SEARCH_USER_PATHS = NO;
ASSETCATALOG_COMPILER_GENERATE_SWIFT_ASSET_SYMBOL_EXTENSIONS = YES;
CLANG_ANALYZER_NONNULL = YES;
CLANG_ANALYZER_NUMBER_OBJECT_CONVERSION = YES_AGGRESSIVE;
CLANG_CXX_LANGUAGE_STANDARD = "gnu++20";
CLANG_ENABLE_MODULES = YES;
CLANG_ENABLE_OBJC_ARC = YES;
CLANG_ENABLE_OBJC_WEAK = YES;
CLANG_WARN_BLOCK_CAPTURE_AUTORELEASING = YES;
CLANG_WARN_BOOL_CONVERSION = YES;
CLANG_WARN_COMMA = YES;
CLANG_WARN_CONSTANT_CONVERSION = YES;
CLANG_WARN_DEPRECATED_OBJC_IMPLEMENTATIONS = YES;
CLANG_WARN_DIRECT_OBJC_ISA_USAGE = YES_ERROR;
CLANG_WARN_DOCUMENTATION_COMMENTS = YES;
CLANG_WARN_EMPTY_BODY = YES;
CLANG_WARN_ENUM_CONVERSION = YES;
CLANG_WARN_INFINITE_RECURSION = YES;
CLANG_WARN_INT_CONVERSION = YES;
CLANG_WARN_NON_LITERAL_NULL_CONVERSION = YES;
CLANG_WARN_OBJC_IMPLICIT_RETAIN_CYCLE = YES;
CLANG_WARN_OBJC_LITERAL_CONVERSION = YES;
CLANG_WARN_OBJC_ROOT_CLASS = YES_ERROR;
CLANG_WARN_QUOTED_INCLUDE_IN_FRAMEWORK_HEADER = YES;
CLANG_WARN_RANGE_LOOP_ANALYSIS = YES;
CLANG_WARN_STRICT_PROTOTYPES = YES;
CLANG_WARN_SUSPICIOUS_MOVE = YES;
CLANG_WARN_UNGUARDED_AVAILABILITY = YES_AGGRESSIVE;
CLANG_WARN_UNREACHABLE_CODE = YES;
CLANG_WARN__DUPLICATE_METHOD_MATCH = YES;
COPY_PHASE_STRIP = NO;
DEBUG_INFORMATION_FORMAT = "dwarf-with-dsym";
ENABLE_NS_ASSERTIONS = NO;
ENABLE_STRICT_OBJC_MSGSEND = YES;
ENABLE_USER_SCRIPT_SANDBOXING = YES;
GCC_C_LANGUAGE_STANDARD = gnu17;
GCC_NO_COMMON_BLOCKS = YES;
GCC_WARN_64_TO_32_BIT_CONVERSION = YES;
GCC_WARN_ABOUT_RETURN_TYPE = YES_ERROR;
GCC_WARN_UNDECLARED_SELECTOR = YES;
GCC_WARN_UNINITIALIZED_AUTOS = YES_AGGRESSIVE;
GCC_WARN_UNUSED_FUNCTION = YES;
GCC_WARN_UNUSED_VARIABLE = YES;
IPHONEOS_DEPLOYMENT_TARGET = 16.0;
MTL_FAST_MATH = YES;
SDKROOT = iphoneos;
SWIFT_COMPILATION_MODE = wholemodule;
SWIFT_OPTIMIZATION_LEVEL = "-O";
VALIDATE_PRODUCT = YES;
};
name = Release;
};
F00A00000000000000000000 /* Debug */ = {
isa = XCBuildConfiguration;
buildSettings = {
ASSETCATALOG_COMPILER_APPICON_NAME = AppIcon;
ASSETCATALOG_COMPILER_GLOBAL_ACCENT_COLOR_NAME = AccentColor;
CODE_SIGN_STYLE = Automatic;
CURRENT_PROJECT_VERSION = 1;
DEVELOPMENT_ASSET_PATHS = "";
ENABLE_PREVIEWS = YES;
GENERATE_INFOPLIST_FILE = NO;
INFOPLIST_FILE = "Signet/Info.plist";
INFOPLIST_KEY_UIApplicationSceneManifest_Generation = NO;
INFOPLIST_KEY_UILaunchScreen_Generation = NO;
IPHONEOS_DEPLOYMENT_TARGET = 16.0;
LD_RUNPATH_SEARCH_PATHS = (
"$(inherited)",
"@executable_path/Frameworks",
);
MARKETING_VERSION = 1.0;
PRODUCT_BUNDLE_IDENTIFIER = com.signet.app;
PRODUCT_NAME = "$(TARGET_NAME)";
SWIFT_EMIT_LOC_STRINGS = YES;
SWIFT_OBJC_BRIDGING_HEADER = "Signet/Signet-Bridging-Header.h";
SWIFT_VERSION = 5.0;
TARGETED_DEVICE_FAMILY = 1;
};
name = Debug;
};
F00B00000000000000000000 /* Release */ = {
isa = XCBuildConfiguration;
buildSettings = {
ASSETCATALOG_COMPILER_APPICON_NAME = AppIcon;
ASSETCATALOG_COMPILER_GLOBAL_ACCENT_COLOR_NAME = AccentColor;
CODE_SIGN_STYLE = Automatic;
CURRENT_PROJECT_VERSION = 1;
DEVELOPMENT_ASSET_PATHS = "";
ENABLE_PREVIEWS = YES;
GENERATE_INFOPLIST_FILE = NO;
INFOPLIST_FILE = "Signet/Info.plist";
INFOPLIST_KEY_UIApplicationSceneManifest_Generation = NO;
INFOPLIST_KEY_UILaunchScreen_Generation = NO;
IPHONEOS_DEPLOYMENT_TARGET = 16.0;
LD_RUNPATH_SEARCH_PATHS = (
"$(inherited)",
"@executable_path/Frameworks",
);
MARKETING_VERSION = 1.0;
PRODUCT_BUNDLE_IDENTIFIER = com.signet.app;
PRODUCT_NAME = "$(TARGET_NAME)";
SWIFT_EMIT_LOC_STRINGS = YES;
SWIFT_OBJC_BRIDGING_HEADER = "Signet/Signet-Bridging-Header.h";
SWIFT_VERSION = 5.0;
TARGETED_DEVICE_FAMILY = 1;
};
name = Release;
};
/* End XCBuildConfiguration section */

/* Begin XCConfigurationList section */
F00600000000000000000000 /* Build configuration list for PBXProject "Signet" */ = {
isa = XCConfigurationList;
buildConfigurations = (
F00800000000000000000000 /* Debug */,
F00900000000000000000000 /* Release */,
);
defaultConfigurationIsVisible = 0;
defaultConfigurationName = Release;
};
F00700000000000000000000 /* Build configuration list for PBXNativeTarget "Signet" */ = {
isa = XCConfigurationList;
buildConfigurations = (
F00A00000000000000000000 /* Debug */,
F00B00000000000000000000 /* Release */,
);
defaultConfigurationIsVisible = 0;
defaultConfigurationName = Release;
};
/* End XCConfigurationList section */

};
rootObject = F00100000000000000000000 /* Project object */;
}
